
Microsoft Visual Studio Solution File, Format Version 11.00
# Visual Studio 2010
# SharpDevelop 4.4
Project("{FAE04EC0-301F-11D3-BF4B-00C04F79EFBC}") = "AlgoritmiaAct2", "AlgoritmiaAct2\AlgoritmiaAct2.csproj", "{EF7DBC5D-871B-45A8-8626-0AE9A8998147}"
EndProject
Global
	GlobalSection(SolutionConfigurationPlatforms) = preSolution
		Debug|Any CPU = Debug|Any CPU
		Release|Any CPU = Release|Any CPU
	EndGlobalSection
	GlobalSection(ProjectConfigurationPlatforms) = postSolution
		{EF7DBC5D-871B-45A8-8626-0AE9A8998147}.Debug|Any CPU.Build.0 = Debug|Any CPU
		{EF7DBC5D-871B-45A8-8626-0AE9A8998147}.Debug|Any CPU.ActiveCfg = Debug|Any CPU
		{EF7DBC5D-871B-45A8-8626-0AE9A8998147}.Release|Any CPU.Build.0 = Release|Any CPU
		{EF7DBC5D-871B-45A8-8626-0AE9A8998147}.Release|Any CPU.ActiveCfg = Release|Any CPU
	EndGlobalSection
EndGlobal
